<?xml version="1.0" encoding="utf-8"?>
<Project ToolsVersion="4.0" xmlns="http://schemas.microsoft.com/developer/msbuild/2003">
  <ItemGroup>
    <ClCompile Include="src\Common.cpp">
      <Filter>Source Files</Filter>
    </ClCompile>
    <ClCompile Include="src\DriverAccess.cpp">
      <Filter>Source Files</Filter>
    </ClCompile>
    <ClCompile Include="src\FileCapture.cpp">
      <Filter>Source Files</Filter>
    </ClCompile>
    <ClCompile Include="src\Hiding.cpp">
      <Filter>Source Files</Filter>
    </ClCompile>
    <ClCompile Include="src\Hooking.cpp">
      <Filter>Source Files</Filter>
    </ClCompile>
    <ClCompile Include="src\IPC.cpp">
      <Filter>Source Files</Filter>
    </ClCompile>
    <ClCompile Include="src\Keylog_Mouse.cpp">
      <Filter>Source Files</Filter>
    </ClCompile>
    <ClCompile Include="src\Main.cpp">
      <Filter>Source Files</Filter>
    </ClCompile>
    <ClCompile Include="src\Snapshots.cpp">
      <Filter>Source Files</Filter>
    </ClCompile>
  </ItemGroup>
  <ItemGroup>
    <ClInclude Include="src\Common.h">
      <Filter>Header Files</Filter>
    </ClInclude>
    <ClInclude Include="src\DriverAccess.h">
      <Filter>Header Files</Filter>
    </ClInclude>
    <ClInclude Include="src\FileCapture.h">
      <Filter>Header Files</Filter>
    </ClInclude>
    <ClInclude Include="src\Hiding.h">
      <Filter>Header Files</Filter>
    </ClInclude>
    <ClInclude Include="src\Hooking.h">
      <Filter>Header Files</Filter>
    </ClInclude>
    <ClInclude Include="src\IPC.h">
      <Filter>Header Files</Filter>
    </ClInclude>
    <ClInclude Include="src\Keylog_Mouse.h">
      <Filter>Header Files</Filter>
    </ClInclude>
    <ClInclude Include="src\missing.h">
      <Filter>Header Files</Filter>
    </ClInclude>
    <ClInclude Include="src\Snapshots.h">
      <Filter>Header Files</Filter>
    </ClInclude>
  </ItemGroup>
  <ItemGroup>
    <MASM Include="src\AsmHooks.asm" />
    <MASM Include="src\OpCodeParse.asm" />
  </ItemGroup>
  <ItemGroup>
    <None Include="H64-DLL.def" />
  </ItemGroup>
  <ItemGroup>
    <Filter Include="Header Files">
      <UniqueIdentifier>{c5b0913c-15ff-4a5e-901a-9a5b817b9856}</UniqueIdentifier>
    </Filter>
    <Filter Include="Source Files">
      <UniqueIdentifier>{61c8fd2f-b42b-434b-8eb8-24a6ea705676}</UniqueIdentifier>
    </Filter>
  </ItemGroup>
</Project>