
Microsoft Visual Studio Solution File, Format Version 12.00
# Visual Studio Version 16
VisualStudioVersion = 16.0.31727.386
MinimumVisualStudioVersion = 10.0.40219.1
Project("{8BC9CEB8-8B4A-11D0-8D11-00A0C91BC942}") = "H4DLL", "H4DLL\H4DLL.vcxproj", "{B149B0CB-E46F-4CFF-B937-BFAF18860B66}"
EndProject
Project("{8BC9CEB8-8B4A-11D0-8D11-00A0C91BC942}") = "H64DLL", "H64DLL\H64DLL.vcxproj", "{BF754BDC-9319-4E73-8F6E-BC2DB0897EFD}"
EndProject
Project("{8BC9CEB8-8B4A-11D0-8D11-00A0C91BC942}") = "include", "include\include.vcxitems", "{E688D7B2-266D-49C2-88E7-81C862F3186E}"
EndProject
Project("{2150E333-8FDC-42A3-9474-1A3956D46DE8}") = "libs", "libs", "{5A389EED-A6F2-4BCB-9441-6CF64BA29E45}"
EndProject
Project("{8BC9CEB8-8B4A-11D0-8D11-00A0C91BC942}") = "json", "libs\json\json.vcxproj", "{6441D909-EEED-402B-BE33-D8E5065B28A6}"
EndProject
Global
	GlobalSection(SolutionConfigurationPlatforms) = preSolution
		Debug|x64 = Debug|x64
		Debug|x86 = Debug|x86
		Release|x64 = Release|x64
		Release|x86 = Release|x86
	EndGlobalSection
	GlobalSection(ProjectConfigurationPlatforms) = postSolution
		{B149B0CB-E46F-4CFF-B937-BFAF18860B66}.Debug|x64.ActiveCfg = Debug|Win32
		{B149B0CB-E46F-4CFF-B937-BFAF18860B66}.Debug|x86.ActiveCfg = Debug|Win32
		{B149B0CB-E46F-4CFF-B937-BFAF18860B66}.Debug|x86.Build.0 = Debug|Win32
		{B149B0CB-E46F-4CFF-B937-BFAF18860B66}.Release|x64.ActiveCfg = Release|Win32
		{B149B0CB-E46F-4CFF-B937-BFAF18860B66}.Release|x86.ActiveCfg = Release|Win32
		{B149B0CB-E46F-4CFF-B937-BFAF18860B66}.Release|x86.Build.0 = Release|Win32
		{BF754BDC-9319-4E73-8F6E-BC2DB0897EFD}.Debug|x64.ActiveCfg = Debug|x64
		{BF754BDC-9319-4E73-8F6E-BC2DB0897EFD}.Debug|x64.Build.0 = Debug|x64
		{BF754BDC-9319-4E73-8F6E-BC2DB0897EFD}.Debug|x86.ActiveCfg = Debug|Win32
		{BF754BDC-9319-4E73-8F6E-BC2DB0897EFD}.Debug|x86.Build.0 = Debug|Win32
		{BF754BDC-9319-4E73-8F6E-BC2DB0897EFD}.Release|x64.ActiveCfg = Release|x64
		{BF754BDC-9319-4E73-8F6E-BC2DB0897EFD}.Release|x64.Build.0 = Release|x64
		{BF754BDC-9319-4E73-8F6E-BC2DB0897EFD}.Release|x86.ActiveCfg = Release|Win32
		{BF754BDC-9319-4E73-8F6E-BC2DB0897EFD}.Release|x86.Build.0 = Release|Win32
		{6441D909-EEED-402B-BE33-D8E5065B28A6}.Debug|x64.ActiveCfg = Debug|x64
		{6441D909-EEED-402B-BE33-D8E5065B28A6}.Debug|x64.Build.0 = Debug|x64
		{6441D909-EEED-402B-BE33-D8E5065B28A6}.Debug|x86.ActiveCfg = Debug|Win32
		{6441D909-EEED-402B-BE33-D8E5065B28A6}.Debug|x86.Build.0 = Debug|Win32
		{6441D909-EEED-402B-BE33-D8E5065B28A6}.Release|x64.ActiveCfg = Release|x64
		{6441D909-EEED-402B-BE33-D8E5065B28A6}.Release|x64.Build.0 = Release|x64
		{6441D909-EEED-402B-BE33-D8E5065B28A6}.Release|x86.ActiveCfg = Release|Win32
		{6441D909-EEED-402B-BE33-D8E5065B28A6}.Release|x86.Build.0 = Release|Win32
	EndGlobalSection
	GlobalSection(SolutionProperties) = preSolution
		HideSolutionNode = FALSE
	EndGlobalSection
	GlobalSection(NestedProjects) = preSolution
		{6441D909-EEED-402B-BE33-D8E5065B28A6} = {5A389EED-A6F2-4BCB-9441-6CF64BA29E45}
	EndGlobalSection
	GlobalSection(ExtensibilityGlobals) = postSolution
		SolutionGuid = {6D1E06D9-37BC-4A13-8F1B-0E249F80B002}
	EndGlobalSection
EndGlobal
