<?xml version="1.0" encoding="utf-8"?>
<Project ToolsVersion="4.0" xmlns="http://schemas.microsoft.com/developer/msbuild/2003">
  <ItemGroup>
    <ClCompile Include="BitmapCommon.cpp">
      <Filter>Source Files</Filter>
    </ClCompile>
    <ClCompile Include="DeepFreeze.cpp">
      <Filter>Source Files</Filter>
    </ClCompile>
    <ClCompile Include="explore_directory.cpp">
      <Filter>Source Files</Filter>
    </ClCompile>
    <ClCompile Include="format_resistant.cpp">
      <Filter>Source Files</Filter>
    </ClCompile>
    <ClCompile Include="H4-DLL.cpp">
      <Filter>Source Files</Filter>
    </ClCompile>
    <ClCompile Include="HM_CodeAlign.cpp">
      <Filter>Source Files</Filter>
    </ClCompile>
    <ClCompile Include="HM_PreamblePatch.cpp">
      <Filter>Source Files</Filter>
    </ClCompile>
    <ClCompile Include="HM_Reloc.cpp">
      <Filter>Source Files</Filter>
    </ClCompile>
    <ClCompile Include="HM_SafeProcedures.cpp">
      <Filter>Source Files</Filter>
    </ClCompile>
    <ClCompile Include="LOG.cpp">
      <Filter>Source Files</Filter>
    </ClCompile>
    <ClCompile Include="SM_Core.cpp">
      <Filter>Source Files</Filter>
    </ClCompile>
    <ClCompile Include="status_log.cpp">
      <Filter>Source Files</Filter>
    </ClCompile>
    <ClCompile Include="UnHookClass.cpp">
      <Filter>Source Files</Filter>
    </ClCompile>
    <ClCompile Include="wcam_grab.cpp">
      <Filter>Source Files</Filter>
    </ClCompile>
    <ClCompile Include="x64.cpp">
      <Filter>Source Files</Filter>
    </ClCompile>
    <ClCompile Include="AM_Core.cpp">
      <Filter>Source Files\core</Filter>
    </ClCompile>
    <ClCompile Include="ASP.cpp">
      <Filter>Source Files\core</Filter>
    </ClCompile>
    <ClCompile Include="demo_functions.cpp">
      <Filter>Source Files\core</Filter>
    </ClCompile>
    <ClCompile Include="DynamiCall\dynamic_import.cpp">
      <Filter>Source Files\core</Filter>
    </ClCompile>
    <ClCompile Include="bss.cpp">
      <Filter>Source Files</Filter>
    </ClCompile>
    <ClCompile Include="fileutil.cpp">
      <Filter>Source Files\core</Filter>
    </ClCompile>
    <ClCompile Include="process.cpp">
      <Filter>Source Files\core</Filter>
    </ClCompile>
    <ClCompile Include="config.cpp">
      <Filter>Source Files\core</Filter>
    </ClCompile>
    <ClCompile Include="SM_ActionFunctions.cpp">
      <Filter>Source Files\core</Filter>
    </ClCompile>
    <ClCompile Include="stubs.cpp">
      <Filter>Source Files\core</Filter>
    </ClCompile>
    <ClCompile Include="event\timer.cpp">
      <Filter>Source Files\events</Filter>
    </ClCompile>
    <ClCompile Include="event\windows.cpp">
      <Filter>Source Files\events</Filter>
    </ClCompile>
    <ClCompile Include="event\quota.cpp">
      <Filter>Source Files\events</Filter>
    </ClCompile>
    <ClCompile Include="event\eventlog.cpp">
      <Filter>Source Files\events</Filter>
    </ClCompile>
    <ClCompile Include="event\useridle.cpp">
      <Filter>Source Files\events</Filter>
    </ClCompile>
    <ClCompile Include="event\screensaver.cpp">
      <Filter>Source Files\events</Filter>
    </ClCompile>
    <ClCompile Include="event\netmon.cpp">
      <Filter>Source Files\events</Filter>
    </ClCompile>
    <ClCompile Include="event\procmon.cpp">
      <Filter>Source Files\events</Filter>
    </ClCompile>
    <ClCompile Include="strings.cpp">
      <Filter>Source Files</Filter>
    </ClCompile>
    <ClCompile Include="HM_IpcModule.cpp">
      <Filter>Source Files\core</Filter>
    </ClCompile>
    <ClCompile Include="socialmain.cpp">
      <Filter>Source Files</Filter>
    </ClCompile>
    <ClCompile Include="procedures.cpp">
      <Filter>Source Files</Filter>
    </ClCompile>
    <ClCompile Include="HM_InbundleHook.cpp">
      <Filter>Source Files</Filter>
    </ClCompile>
  </ItemGroup>
  <ItemGroup>
    <ClInclude Include="AM_Core.h">
      <Filter>Header Files</Filter>
    </ClInclude>
    <ClInclude Include="ASP.h">
      <Filter>Header Files</Filter>
    </ClInclude>
    <ClInclude Include="av_detect.h">
      <Filter>Header Files</Filter>
    </ClInclude>
    <ClInclude Include="bin_string.h">
      <Filter>Header Files</Filter>
    </ClInclude>
    <ClInclude Include="cert.h">
      <Filter>Header Files</Filter>
    </ClInclude>
    <ClInclude Include="common.h">
      <Filter>Header Files</Filter>
    </ClInclude>
    <ClInclude Include="DeepFreeze.h">
      <Filter>Header Files</Filter>
    </ClInclude>
    <ClInclude Include="demo_functions.h">
      <Filter>Header Files</Filter>
    </ClInclude>
    <ClInclude Include="DynamiCall\dynamic_import.h">
      <Filter>Header Files</Filter>
    </ClInclude>
    <ClInclude Include="exceptions.h">
      <Filter>Header Files</Filter>
    </ClInclude>
    <ClInclude Include="explore_directory.h">
      <Filter>Header Files</Filter>
    </ClInclude>
    <ClInclude Include="H4-DLL.h">
      <Filter>Header Files</Filter>
    </ClInclude>
    <ClInclude Include="SkypeACL\HashUtil.h">
      <Filter>Header Files</Filter>
    </ClInclude>
    <ClInclude Include="HM_BitmapCommon.h">
      <Filter>Header Files</Filter>
    </ClInclude>
    <ClInclude Include="HM_CodeAlign.h">
      <Filter>Header Files</Filter>
    </ClInclude>
    <ClInclude Include="HM_CrisisAgent.h">
      <Filter>Header Files</Filter>
    </ClInclude>
    <ClInclude Include="HM_HooksSystemStruct.h">
      <Filter>Header Files</Filter>
    </ClInclude>
    <ClInclude Include="HM_InbundleHook.h">
      <Filter>Header Files</Filter>
    </ClInclude>
    <ClInclude Include="HM_IpcModule.h">
      <Filter>Header Files</Filter>
    </ClInclude>
    <ClInclude Include="HM_LogDevice.h">
      <Filter>Header Files</Filter>
    </ClInclude>
    <ClInclude Include="HM_MouseLog.h">
      <Filter>Header Files</Filter>
    </ClInclude>
    <ClInclude Include="HM_PreamblePatch.h">
      <Filter>Header Files</Filter>
    </ClInclude>
    <ClInclude Include="HM_ProcessMonitors.h">
      <Filter>Header Files</Filter>
    </ClInclude>
    <ClInclude Include="HM_Pstorage.h">
      <Filter>Header Files</Filter>
    </ClInclude>
    <ClInclude Include="HM_Reloc.h">
      <Filter>Header Files</Filter>
    </ClInclude>
    <ClInclude Include="HM_SafeProcedures.h">
      <Filter>Header Files</Filter>
    </ClInclude>
    <ClInclude Include="HM_SnapShot.h">
      <Filter>Header Files</Filter>
    </ClInclude>
    <ClInclude Include="HM_UrlLog.h">
      <Filter>Header Files</Filter>
    </ClInclude>
    <ClInclude Include="HM_VistaSpecific.h">
      <Filter>Header Files</Filter>
    </ClInclude>
    <ClInclude Include="HM_WebCam.h">
      <Filter>Header Files</Filter>
    </ClInclude>
    <ClInclude Include="HM_WiFiLocation.h">
      <Filter>Header Files</Filter>
    </ClInclude>
    <ClInclude Include="LOG.h">
      <Filter>Header Files</Filter>
    </ClInclude>
    <ClInclude Include="HM_MailAgent\MailAgent.h">
      <Filter>Header Files</Filter>
    </ClInclude>
    <ClInclude Include="Social\NetworkHandler.h">
      <Filter>Header Files</Filter>
    </ClInclude>
    <ClInclude Include="DynamiCall\obfuscated_calls.h">
      <Filter>Header Files</Filter>
    </ClInclude>
    <ClInclude Include="HM_ContactAgent\OLABMAPI.h">
      <Filter>Header Files</Filter>
    </ClInclude>
    <ClInclude Include="PEB.h">
      <Filter>Header Files</Filter>
    </ClInclude>
    <ClInclude Include="DynamiCall\prototypes.h">
      <Filter>Header Files</Filter>
    </ClInclude>
    <ClInclude Include="resource1.h">
      <Filter>Header Files</Filter>
    </ClInclude>
    <ClInclude Include="SM_ActionFunctions.h">
      <Filter>Header Files</Filter>
    </ClInclude>
    <ClInclude Include="SM_Core.h">
      <Filter>Header Files</Filter>
    </ClInclude>
    <ClInclude Include="SM_EventHandlers.h">
      <Filter>Header Files</Filter>
    </ClInclude>
    <ClInclude Include="status_log.h">
      <Filter>Header Files</Filter>
    </ClInclude>
    <ClInclude Include="UnHookClass.h">
      <Filter>Header Files</Filter>
    </ClInclude>
    <ClInclude Include="x64.h">
      <Filter>Header Files</Filter>
    </ClInclude>
    <ClInclude Include="HM_MicAgent\XpMic.h">
      <Filter>Header Files</Filter>
    </ClInclude>
    <ClInclude Include="bss.h">
      <Filter>Header Files</Filter>
    </ClInclude>
    <ClInclude Include="process.h">
      <Filter>Header Files</Filter>
    </ClInclude>
    <ClInclude Include="config.h">
      <Filter>Header Files</Filter>
    </ClInclude>
    <ClInclude Include="strings.h">
      <Filter>Header Files</Filter>
    </ClInclude>
  </ItemGroup>
  <ItemGroup>
    <None Include="H4-DLL.def" />
  </ItemGroup>
  <ItemGroup>
    <Filter Include="Header Files">
      <UniqueIdentifier>{4a5c4677-37e5-4758-870b-450070f84dd3}</UniqueIdentifier>
    </Filter>
    <Filter Include="Source Files">
      <UniqueIdentifier>{3d64a8cf-d05a-439c-9608-9f12808a5313}</UniqueIdentifier>
    </Filter>
    <Filter Include="Source Files\core">
      <UniqueIdentifier>{996891b9-07a1-4e87-9f34-735ee269be48}</UniqueIdentifier>
    </Filter>
    <Filter Include="Source Files\events">
      <UniqueIdentifier>{7d5a5dfc-ff39-40f4-975f-855659f922c9}</UniqueIdentifier>
    </Filter>
  </ItemGroup>
  <ItemGroup>
    <MASM Include="procedures.asm">
      <Filter>Source Files</Filter>
    </MASM>
  </ItemGroup>
</Project>